// !$*UTF8*$!
{
	archiveVersion = 1;
	classes = {
	};
	objectVersion = 56;
	objects = {

/* Begin PBXBuildFile section */
		502A63032AEA007F00E95B7C /* StatusBarView.swift in Sources */ = {isa = PBXBuildFile; fileRef = 502A63022AEA007F00E95B7C /* StatusBarView.swift */; };
		502A63052AEB0F4E00E95B7C /* OrderItemView.swift in Sources */ = {isa = PBXBuildFile; fileRef = 502A63042AEB0F4E00E95B7C /* OrderItemView.swift */; };
		502A63072AEB858500E95B7C /* MenuItemTileView.swift in Sources */ = {isa = PBXBuildFile; fileRef = 502A63062AEB858500E95B7C /* MenuItemTileView.swift */; };
		505FAC2B2AE04AC300FEDCEF /* OrderModel.swift in Sources */ = {isa = PBXBuildFile; fileRef = 505FAC272AE04AC300FEDCEF /* OrderModel.swift */; };
		505FAC2C2AE04AC300FEDCEF /* MenuItem.swift in Sources */ = {isa = PBXBuildFile; fileRef = 505FAC282AE04AC300FEDCEF /* MenuItem.swift */; };
		505FAC2D2AE04AC300FEDCEF /* OrderItem.swift in Sources */ = {isa = PBXBuildFile; fileRef = 505FAC292AE04AC300FEDCEF /* OrderItem.swift */; };
		505FAC2E2AE04AC300FEDCEF /* MenuModel.swift in Sources */ = {isa = PBXBuildFile; fileRef = 505FAC2A2AE04AC300FEDCEF /* MenuModel.swift */; };
		50D46B552ACBAE7C00D576F7 /* HuliPizzaApp.swift in Sources */ = {isa = PBXBuildFile; fileRef = 50D46B542ACBAE7C00D576F7 /* HuliPizzaApp.swift */; };
		50D46B572ACBAE7C00D576F7 /* ContentView.swift in Sources */ = {isa = PBXBuildFile; fileRef = 50D46B562ACBAE7C00D576F7 /* ContentView.swift */; };
		50D46B592ACBAE7E00D576F7 /* Assets.xcassets in Resources */ = {isa = PBXBuildFile; fileRef = 50D46B582ACBAE7E00D576F7 /* Assets.xcassets */; };
		50D46B5C2ACBAE7E00D576F7 /* Preview Assets.xcassets in Resources */ = {isa = PBXBuildFile; fileRef = 50D46B5B2ACBAE7E00D576F7 /* Preview Assets.xcassets */; };
		50D86C342ACEC17500F3A8D2 /* OrderView.swift in Sources */ = {isa = PBXBuildFile; fileRef = 50D86C332ACEC17500F3A8D2 /* OrderView.swift */; };
		50D86C382ACEC4B400F3A8D2 /* MenuItemView.swift in Sources */ = {isa = PBXBuildFile; fileRef = 50D86C372ACEC4B400F3A8D2 /* MenuItemView.swift */; };
		50D86C3A2ACEC4C000F3A8D2 /* MenuRowView.swift in Sources */ = {isa = PBXBuildFile; fileRef = 50D86C392ACEC4C000F3A8D2 /* MenuRowView.swift */; };
		50D86C3C2ACEC4D700F3A8D2 /* OrderRowView.swift in Sources */ = {isa = PBXBuildFile; fileRef = 50D86C3B2ACEC4D700F3A8D2 /* OrderRowView.swift */; };
		50D86C3E2ACEC4E400F3A8D2 /* HeaderView.swift in Sources */ = {isa = PBXBuildFile; fileRef = 50D86C3D2ACEC4E400F3A8D2 /* HeaderView.swift */; };
		50D86C402AD52A0600F3A8D2 /* MenuView.swift in Sources */ = {isa = PBXBuildFile; fileRef = 50D86C3F2AD52A0600F3A8D2 /* MenuView.swift */; };
		50D86C422AD545F100F3A8D2 /* RatingsView.swift in Sources */ = {isa = PBXBuildFile; fileRef = 50D86C412AD545F100F3A8D2 /* RatingsView.swift */; };
/* End PBXBuildFile section */

/* Begin PBXFileReference section */
		502A63022AEA007F00E95B7C /* StatusBarView.swift */ = {isa = PBXFileReference; lastKnownFileType = sourcecode.swift; path = StatusBarView.swift; sourceTree = "<group>"; };
		502A63042AEB0F4E00E95B7C /* OrderItemView.swift */ = {isa = PBXFileReference; lastKnownFileType = sourcecode.swift; path = OrderItemView.swift; sourceTree = "<group>"; };
		502A63062AEB858500E95B7C /* MenuItemTileView.swift */ = {isa = PBXFileReference; fileEncoding = 4; lastKnownFileType = sourcecode.swift; path = MenuItemTileView.swift; sourceTree = "<group>"; };
		505FAC272AE04AC300FEDCEF /* OrderModel.swift */ = {isa = PBXFileReference; fileEncoding = 4; lastKnownFileType = sourcecode.swift; path = OrderModel.swift; sourceTree = "<group>"; };
		505FAC282AE04AC300FEDCEF /* MenuItem.swift */ = {isa = PBXFileReference; fileEncoding = 4; lastKnownFileType = sourcecode.swift; path = MenuItem.swift; sourceTree = "<group>"; };
		505FAC292AE04AC300FEDCEF /* OrderItem.swift */ = {isa = PBXFileReference; fileEncoding = 4; lastKnownFileType = sourcecode.swift; path = OrderItem.swift; sourceTree = "<group>"; };
		505FAC2A2AE04AC300FEDCEF /* MenuModel.swift */ = {isa = PBXFileReference; fileEncoding = 4; lastKnownFileType = sourcecode.swift; path = MenuModel.swift; sourceTree = "<group>"; };
		50D46B512ACBAE7C00D576F7 /* HuliPizza.app */ = {isa = PBXFileReference; explicitFileType = wrapper.application; includeInIndex = 0; path = HuliPizza.app; sourceTree = BUILT_PRODUCTS_DIR; };
		50D46B542ACBAE7C00D576F7 /* HuliPizzaApp.swift */ = {isa = PBXFileReference; lastKnownFileType = sourcecode.swift; path = HuliPizzaApp.swift; sourceTree = "<group>"; };
		50D46B562ACBAE7C00D576F7 /* ContentView.swift */ = {isa = PBXFileReference; lastKnownFileType = sourcecode.swift; path = ContentView.swift; sourceTree = "<group>"; };
		50D46B582ACBAE7E00D576F7 /* Assets.xcassets */ = {isa = PBXFileReference; lastKnownFileType = folder.assetcatalog; path = Assets.xcassets; sourceTree = "<group>"; };
		50D46B5B2ACBAE7E00D576F7 /* Preview Assets.xcassets */ = {isa = PBXFileReference; lastKnownFileType = folder.assetcatalog; path = "Preview Assets.xcassets"; sourceTree = "<group>"; };
		50D86C332ACEC17500F3A8D2 /* OrderView.swift */ = {isa = PBXFileReference; lastKnownFileType = sourcecode.swift; path = OrderView.swift; sourceTree = "<group>"; };
		50D86C372ACEC4B400F3A8D2 /* MenuItemView.swift */ = {isa = PBXFileReference; lastKnownFileType = sourcecode.swift; path = MenuItemView.swift; sourceTree = "<group>"; };
		50D86C392ACEC4C000F3A8D2 /* MenuRowView.swift */ = {isa = PBXFileReference; lastKnownFileType = sourcecode.swift; path = MenuRowView.swift; sourceTree = "<group>"; };
		50D86C3B2ACEC4D700F3A8D2 /* OrderRowView.swift */ = {isa = PBXFileReference; lastKnownFileType = sourcecode.swift; path = OrderRowView.swift; sourceTree = "<group>"; };
		50D86C3D2ACEC4E400F3A8D2 /* HeaderView.swift */ = {isa = PBXFileReference; lastKnownFileType = sourcecode.swift; path = HeaderView.swift; sourceTree = "<group>"; };
		50D86C3F2AD52A0600F3A8D2 /* MenuView.swift */ = {isa = PBXFileReference; lastKnownFileType = sourcecode.swift; path = MenuView.swift; sourceTree = "<group>"; };
		50D86C412AD545F100F3A8D2 /* RatingsView.swift */ = {isa = PBXFileReference; lastKnownFileType = sourcecode.swift; path = RatingsView.swift; sourceTree = "<group>"; };
/* End PBXFileReference section */

/* Begin PBXFrameworksBuildPhase section */
		50D46B4E2ACBAE7C00D576F7 /* Frameworks */ = {
			isa = PBXFrameworksBuildPhase;
			buildActionMask = 2147483647;
			files = (
			);
			runOnlyForDeploymentPostprocessing = 0;
		};
/* End PBXFrameworksBuildPhase section */

/* Begin PBXGroup section */
		505FAC262AE04AC300FEDCEF /* Model Code */ = {
			isa = PBXGroup;
			children = (
				505FAC272AE04AC300FEDCEF /* OrderModel.swift */,
				505FAC282AE04AC300FEDCEF /* MenuItem.swift */,
				505FAC292AE04AC300FEDCEF /* OrderItem.swift */,
				505FAC2A2AE04AC300FEDCEF /* MenuModel.swift */,
			);
			path = "Model Code";
			sourceTree = "<group>";
		};
		50D46B482ACBAE7C00D576F7 = {
			isa = PBXGroup;
			children = (
				50D46B532ACBAE7C00D576F7 /* HuliPizza */,
				50D46B522ACBAE7C00D576F7 /* Products */,
			);
			sourceTree = "<group>";
		};
		50D46B522ACBAE7C00D576F7 /* Products */ = {
			isa = PBXGroup;
			children = (
				50D46B512ACBAE7C00D576F7 /* HuliPizza.app */,
			);
			name = Products;
			sourceTree = "<group>";
		};
		50D46B532ACBAE7C00D576F7 /* HuliPizza */ = {
			isa = PBXGroup;
			children = (
				50D46B542ACBAE7C00D576F7 /* HuliPizzaApp.swift */,
				502A63042AEB0F4E00E95B7C /* OrderItemView.swift */,
				50D46B562ACBAE7C00D576F7 /* ContentView.swift */,
				502A63022AEA007F00E95B7C /* StatusBarView.swift */,
				50D86C332ACEC17500F3A8D2 /* OrderView.swift */,
				50D86C412AD545F100F3A8D2 /* RatingsView.swift */,
				50D86C3F2AD52A0600F3A8D2 /* MenuView.swift */,
				50D86C372ACEC4B400F3A8D2 /* MenuItemView.swift */,
				502A63062AEB858500E95B7C /* MenuItemTileView.swift */,
				50D86C392ACEC4C000F3A8D2 /* MenuRowView.swift */,
				50D86C3B2ACEC4D700F3A8D2 /* OrderRowView.swift */,
				50D86C3D2ACEC4E400F3A8D2 /* HeaderView.swift */,
				505FAC262AE04AC300FEDCEF /* Model Code */,
				50D46B582ACBAE7E00D576F7 /* Assets.xcassets */,
				50D46B5A2ACBAE7E00D576F7 /* Preview Content */,
			);
			path = HuliPizza;
			sourceTree = "<group>";
		};
		50D46B5A2ACBAE7E00D576F7 /* Preview Content */ = {
			isa = PBXGroup;
			children = (
				50D46B5B2ACBAE7E00D576F7 /* Preview Assets.xcassets */,
			);
			path = "Preview Content";
			sourceTree = "<group>";
		};
/* End PBXGroup section */

/* Begin PBXNativeTarget section */
		50D46B502ACBAE7C00D576F7 /* HuliPizza */ = {
			isa = PBXNativeTarget;
			buildConfigurationList = 50D46B5F2ACBAE7E00D576F7 /* Build configuration list for PBXNativeTarget "HuliPizza" */;
			buildPhases = (
				50D46B4D2ACBAE7C00D576F7 /* Sources */,
				50D46B4E2ACBAE7C00D576F7 /* Frameworks */,
				50D46B4F2ACBAE7C00D576F7 /* Resources */,
			);
			buildRules = (
			);
			dependencies = (
			);
			name = HuliPizza;
			productName = HuliPizza;
			productReference = 50D46B512ACBAE7C00D576F7 /* HuliPizza.app */;
			productType = "com.apple.product-type.application";
		};
/* End PBXNativeTarget section */

/* Begin PBXProject section */
		50D46B492ACBAE7C00D576F7 /* Project object */ = {
			isa = PBXProject;
			attributes = {
				BuildIndependentTargetsInParallel = 1;
				LastSwiftUpdateCheck = 1500;
				LastUpgradeCheck = 1500;
				TargetAttributes = {
					50D46B502ACBAE7C00D576F7 = {
						CreatedOnToolsVersion = 15.0;
					};
				};
			};
			buildConfigurationList = 50D46B4C2ACBAE7C00D576F7 /* Build configuration list for PBXProject "HuliPizza" */;
			compatibilityVersion = "Xcode 14.0";
			developmentRegion = en;
			hasScannedForEncodings = 0;
			knownRegions = (
				en,
				Base,
			);
			mainGroup = 50D46B482ACBAE7C00D576F7;
			productRefGroup = 50D46B522ACBAE7C00D576F7 /* Products */;
			projectDirPath = "";
			projectRoot = "";
			targets = (
				50D46B502ACBAE7C00D576F7 /* HuliPizza */,
			);
		};
/* End PBXProject section */

/* Begin PBXResourcesBuildPhase section */
		50D46B4F2ACBAE7C00D576F7 /* Resources */ = {
			isa = PBXResourcesBuildPhase;
			buildActionMask = 2147483647;
			files = (
				50D46B5C2ACBAE7E00D576F7 /* Preview Assets.xcassets in Resources */,
				50D46B592ACBAE7E00D576F7 /* Assets.xcassets in Resources */,
			);
			runOnlyForDeploymentPostprocessing = 0;
		};
/* End PBXResourcesBuildPhase section */

/* Begin PBXSourcesBuildPhase section */
		50D46B4D2ACBAE7C00D576F7 /* Sources */ = {
			isa = PBXSourcesBuildPhase;
			buildActionMask = 2147483647;
			files = (
				50D86C342ACEC17500F3A8D2 /* OrderView.swift in Sources */,
				50D46B572ACBAE7C00D576F7 /* ContentView.swift in Sources */,
				505FAC2B2AE04AC300FEDCEF /* OrderModel.swift in Sources */,
				50D46B552ACBAE7C00D576F7 /* HuliPizzaApp.swift in Sources */,
				50D86C402AD52A0600F3A8D2 /* MenuView.swift in Sources */,
				505FAC2D2AE04AC300FEDCEF /* OrderItem.swift in Sources */,
				50D86C422AD545F100F3A8D2 /* RatingsView.swift in Sources */,
				502A63052AEB0F4E00E95B7C /* OrderItemView.swift in Sources */,
				50D86C3A2ACEC4C000F3A8D2 /* MenuRowView.swift in Sources */,
				50D86C3C2ACEC4D700F3A8D2 /* OrderRowView.swift in Sources */,
				505FAC2E2AE04AC300FEDCEF /* MenuModel.swift in Sources */,
				502A63032AEA007F00E95B7C /* StatusBarView.swift in Sources */,
				505FAC2C2AE04AC300FEDCEF /* MenuItem.swift in Sources */,
				50D86C382ACEC4B400F3A8D2 /* MenuItemView.swift in Sources */,
				502A63072AEB858500E95B7C /* MenuItemTileView.swift in Sources */,
				50D86C3E2ACEC4E400F3A8D2 /* HeaderView.swift in Sources */,
			);
			runOnlyForDeploymentPostprocessing = 0;
		};
/* End PBXSourcesBuildPhase section */

/* Begin XCBuildConfiguration section */
		50D46B5D2ACBAE7E00D576F7 /* Debug */ = {
			isa = XCBuildConfiguration;
			buildSettings = {
				ALWAYS_SEARCH_USER_PATHS = NO;
				ASSETCATALOG_COMPILER_GENERATE_SWIFT_ASSET_SYMBOL_EXTENSIONS = YES;
				CLANG_ANALYZER_NONNULL = YES;
				CLANG_ANALYZER_NUMBER_OBJECT_CONVERSION = YES_AGGRESSIVE;
				CLANG_CXX_LANGUAGE_STANDARD = "gnu++20";
				CLANG_ENABLE_MODULES = YES;
				CLANG_ENABLE_OBJC_ARC = YES;
				CLANG_ENABLE_OBJC_WEAK = YES;
				CLANG_WARN_BLOCK_CAPTURE_AUTORELEASING = YES;
				CLANG_WARN_BOOL_CONVERSION = YES;
				CLANG_WARN_COMMA = YES;
				CLANG_WARN_CONSTANT_CONVERSION = YES;
				CLANG_WARN_DEPRECATED_OBJC_IMPLEMENTATIONS = YES;
				CLANG_WARN_DIRECT_OBJC_ISA_USAGE = YES_ERROR;
				CLANG_WARN_DOCUMENTATION_COMMENTS = YES;
				CLANG_WARN_EMPTY_BODY = YES;
				CLANG_WARN_ENUM_CONVERSION = YES;
				CLANG_WARN_INFINITE_RECURSION = YES;
				CLANG_WARN_INT_CONVERSION = YES;
				CLANG_WARN_NON_LITERAL_NULL_CONVERSION = YES;
				CLANG_WARN_OBJC_IMPLICIT_RETAIN_SELF = YES;
				CLANG_WARN_OBJC_LITERAL_CONVERSION = YES;
				CLANG_WARN_OBJC_ROOT_CLASS = YES_ERROR;
				CLANG_WARN_QUOTED_INCLUDE_IN_FRAMEWORK_HEADER = YES;
				CLANG_WARN_RANGE_LOOP_ANALYSIS = YES;
				CLANG_WARN_STRICT_PROTOTYPES = YES;
				CLANG_WARN_SUSPICIOUS_MOVE = YES;
				CLANG_WARN_UNGUARDED_AVAILABILITY = YES_AGGRESSIVE;
				CLANG_WARN_UNREACHABLE_CODE = YES;
				CLANG_WARN__DUPLICATE_METHOD_MATCH = YES;
				COPY_PHASE_STRIP = NO;
				DEBUG_INFORMATION_FORMAT = dwarf;
				ENABLE_STRICT_OBJC_MSGSEND = YES;
				ENABLE_TESTABILITY = YES;
				ENABLE_USER_SCRIPT_SANDBOXING = YES;
				GCC_C_LANGUAGE_STANDARD = gnu17;
				GCC_DYNAMIC_NO_PIC = NO;
				GCC_NO_COMMON_BLOCKS = YES;
				GCC_OPTIMIZATION_LEVEL = 0;
				GCC_PREPROCESSOR_DEFINITIONS = (
					"DEBUG=1",
					"$(inherited)",
				);
				GCC_WARN_64_TO_32_BIT_CONVERSION = YES;
				GCC_WARN_ABOUT_RETURN_TYPE = YES_ERROR;
				GCC_WARN_UNDECLARED_SELECTOR = YES;
				GCC_WARN_UNINITIALIZED_AUTOS = YES_AGGRESSIVE;
				GCC_WARN_UNUSED_FUNCTION = YES;
				GCC_WARN_UNUSED_VARIABLE = YES;
				IPHONEOS_DEPLOYMENT_TARGET = 17.0;
				LOCALIZATION_PREFERS_STRING_CATALOGS = YES;
				MTL_ENABLE_DEBUG_INFO = INCLUDE_SOURCE;
				MTL_FAST_MATH = YES;
				ONLY_ACTIVE_ARCH = YES;
				SDKROOT = iphoneos;
				SWIFT_ACTIVE_COMPILATION_CONDITIONS = "DEBUG $(inherited)";
				SWIFT_OPTIMIZATION_LEVEL = "-Onone";
			};
			name = Debug;
		};
		50D46B5E2ACBAE7E00D576F7 /* Release */ = {
			isa = XCBuildConfiguration;
			buildSettings = {
				ALWAYS_SEARCH_USER_PATHS = NO;
				ASSETCATALOG_COMPILER_GENERATE_SWIFT_ASSET_SYMBOL_EXTENSIONS = YES;
				CLANG_ANALYZER_NONNULL = YES;
				CLANG_ANALYZER_NUMBER_OBJECT_CONVERSION = YES_AGGRESSIVE;
				CLANG_CXX_LANGUAGE_STANDARD = "gnu++20";
				CLANG_ENABLE_MODULES = YES;
				CLANG_ENABLE_OBJC_ARC = YES;
				CLANG_ENABLE_OBJC_WEAK = YES;
				CLANG_WARN_BLOCK_CAPTURE_AUTORELEASING = YES;
				CLANG_WARN_BOOL_CONVERSION = YES;
				CLANG_WARN_COMMA = YES;
				CLANG_WARN_CONSTANT_CONVERSION = YES;
				CLANG_WARN_DEPRECATED_OBJC_IMPLEMENTATIONS = YES;
				CLANG_WARN_DIRECT_OBJC_ISA_USAGE = YES_ERROR;
				CLANG_WARN_DOCUMENTATION_COMMENTS = YES;
				CLANG_WARN_EMPTY_BODY = YES;
				CLANG_WARN_ENUM_CONVERSION = YES;
				CLANG_WARN_INFINITE_RECURSION = YES;
				CLANG_WARN_INT_CONVERSION = YES;
				CLANG_WARN_NON_LITERAL_NULL_CONVERSION = YES;
				CLANG_WARN_OBJC_IMPLICIT_RETAIN_SELF = YES;
				CLANG_WARN_OBJC_LITERAL_CONVERSION = YES;
				CLANG_WARN_OBJC_ROOT_CLASS = YES_ERROR;
				CLANG_WARN_QUOTED_INCLUDE_IN_FRAMEWORK_HEADER = YES;
				CLANG_WARN_RANGE_LOOP_ANALYSIS = YES;
				CLANG_WARN_STRICT_PROTOTYPES = YES;
				CLANG_WARN_SUSPICIOUS_MOVE = YES;
				CLANG_WARN_UNGUARDED_AVAILABILITY = YES_AGGRESSIVE;
				CLANG_WARN_UNREACHABLE_CODE = YES;
				CLANG_WARN__DUPLICATE_METHOD_MATCH = YES;
				COPY_PHASE_STRIP = NO;
				DEBUG_INFORMATION_FORMAT = "dwarf-with-dsym";
				ENABLE_NS_ASSERTIONS = NO;
				ENABLE_STRICT_OBJC_MSGSEND = YES;
				ENABLE_USER_SCRIPT_SANDBOXING = YES;
				GCC_C_LANGUAGE_STANDARD = gnu17;
				GCC_NO_COMMON_BLOCKS = YES;
				GCC_WARN_64_TO_32_BIT_CONVERSION = YES;
				GCC_WARN_ABOUT_RETURN_TYPE = YES_ERROR;
				GCC_WARN_UNDECLARED_SELECTOR = YES;
				GCC_WARN_UNINITIALIZED_AUTOS = YES_AGGRESSIVE;
				GCC_WARN_UNUSED_FUNCTION = YES;
				GCC_WARN_UNUSED_VARIABLE = YES;
				IPHONEOS_DEPLOYMENT_TARGET = 17.0;
				LOCALIZATION_PREFERS_STRING_CATALOGS = YES;
				MTL_ENABLE_DEBUG_INFO = NO;
				MTL_FAST_MATH = YES;
				SDKROOT = iphoneos;
				SWIFT_COMPILATION_MODE = wholemodule;
				VALIDATE_PRODUCT = YES;
			};
			name = Release;
		};
		50D46B602ACBAE7E00D576F7 /* Debug */ = {
			isa = XCBuildConfiguration;
			buildSettings = {
				ASSETCATALOG_COMPILER_APPICON_NAME = AppIcon;
				ASSETCATALOG_COMPILER_GLOBAL_ACCENT_COLOR_NAME = AccentColor;
				CODE_SIGN_STYLE = Automatic;
				CURRENT_PROJECT_VERSION = 1;
				DEVELOPMENT_ASSET_PATHS = "\"HuliPizza/Preview Content\"";
				DEVELOPMENT_TEAM = 83GQRM67B7;
				ENABLE_PREVIEWS = YES;
				GENERATE_INFOPLIST_FILE = YES;
				INFOPLIST_KEY_UIApplicationSceneManifest_Generation = YES;
				INFOPLIST_KEY_UIApplicationSupportsIndirectInputEvents = YES;
				INFOPLIST_KEY_UILaunchScreen_Generation = YES;
				INFOPLIST_KEY_UISupportedInterfaceOrientations_iPad = "UIInterfaceOrientationPortrait UIInterfaceOrientationPortraitUpsideDown UIInterfaceOrientationLandscapeLeft UIInterfaceOrientationLandscapeRight";
				INFOPLIST_KEY_UISupportedInterfaceOrientations_iPhone = "UIInterfaceOrientationPortrait UIInterfaceOrientationLandscapeLeft UIInterfaceOrientationLandscapeRight";
				LD_RUNPATH_SEARCH_PATHS = (
					"$(inherited)",
					"@executable_path/Frameworks",
				);
				MARKETING_VERSION = 1.0;
				PRODUCT_BUNDLE_IDENTIFIER = chamuel.castillo.HuliPizza;
				PRODUCT_NAME = "$(TARGET_NAME)";
				SWIFT_EMIT_LOC_STRINGS = YES;
				SWIFT_VERSION = 5.0;
				TARGETED_DEVICE_FAMILY = "1,2";
			};
			name = Debug;
		};
		50D46B612ACBAE7E00D576F7 /* Release */ = {
			isa = XCBuildConfiguration;
			buildSettings = {
				ASSETCATALOG_COMPILER_APPICON_NAME = AppIcon;
				ASSETCATALOG_COMPILER_GLOBAL_ACCENT_COLOR_NAME = AccentColor;
				CODE_SIGN_STYLE = Automatic;
				CURRENT_PROJECT_VERSION = 1;
				DEVELOPMENT_ASSET_PATHS = "\"HuliPizza/Preview Content\"";
				DEVELOPMENT_TEAM = 83GQRM67B7;
				ENABLE_PREVIEWS = YES;
				GENERATE_INFOPLIST_FILE = YES;
				INFOPLIST_KEY_UIApplicationSceneManifest_Generation = YES;
				INFOPLIST_KEY_UIApplicationSupportsIndirectInputEvents = YES;
				INFOPLIST_KEY_UILaunchScreen_Generation = YES;
				INFOPLIST_KEY_UISupportedInterfaceOrientations_iPad = "UIInterfaceOrientationPortrait UIInterfaceOrientationPortraitUpsideDown UIInterfaceOrientationLandscapeLeft UIInterfaceOrientationLandscapeRight";
				INFOPLIST_KEY_UISupportedInterfaceOrientations_iPhone = "UIInterfaceOrientationPortrait UIInterfaceOrientationLandscapeLeft UIInterfaceOrientationLandscapeRight";
				LD_RUNPATH_SEARCH_PATHS = (
					"$(inherited)",
					"@executable_path/Frameworks",
				);
				MARKETING_VERSION = 1.0;
				PRODUCT_BUNDLE_IDENTIFIER = chamuel.castillo.HuliPizza;
				PRODUCT_NAME = "$(TARGET_NAME)";
				SWIFT_EMIT_LOC_STRINGS = YES;
				SWIFT_VERSION = 5.0;
				TARGETED_DEVICE_FAMILY = "1,2";
			};
			name = Release;
		};
/* End XCBuildConfiguration section */

/* Begin XCConfigurationList section */
		50D46B4C2ACBAE7C00D576F7 /* Build configuration list for PBXProject "HuliPizza" */ = {
			isa = XCConfigurationList;
			buildConfigurations = (
				50D46B5D2ACBAE7E00D576F7 /* Debug */,
				50D46B5E2ACBAE7E00D576F7 /* Release */,
			);
			defaultConfigurationIsVisible = 0;
			defaultConfigurationName = Release;
		};
		50D46B5F2ACBAE7E00D576F7 /* Build configuration list for PBXNativeTarget "HuliPizza" */ = {
			isa = XCConfigurationList;
			buildConfigurations = (
				50D46B602ACBAE7E00D576F7 /* Debug */,
				50D46B612ACBAE7E00D576F7 /* Release */,
			);
			defaultConfigurationIsVisible = 0;
			defaultConfigurationName = Release;
		};
/* End XCConfigurationList section */
	};
	rootObject = 50D46B492ACBAE7C00D576F7 /* Project object */;
}
